
Microsoft Visual Studio Solution File, Format Version 12.00
# Visual Studio 2013
VisualStudioVersion = 12.0.31101.0
MinimumVisualStudioVersion = 10.0.40219.1
Project("{FAE04EC0-301F-11D3-BF4B-00C04F79EFBC}") = "TopografieAPI", "TopografieAPI\TopografieAPI.csproj", "{0556D15C-1CD7-4600-A28F-F9CF503C9DED}"
EndProject
Project("{2150E333-8FDC-42A3-9474-1A3956D46DE8}") = "PublishScripts", "PublishScripts", "{16028E88-9A1B-4D29-BAAA-5BF941195941}"
	ProjectSection(SolutionItems) = preProject
		PublishScripts\AzureWebsitePublishModule.psm1 = PublishScripts\AzureWebsitePublishModule.psm1
		PublishScripts\Publish-WebApplicationWebsite.ps1 = PublishScripts\Publish-WebApplicationWebsite.ps1
	EndProjectSection
EndProject
Project("{2150E333-8FDC-42A3-9474-1A3956D46DE8}") = "Configurations", "Configurations", "{B209E998-C8B2-42AA-8F08-FE8E1D0A4715}"
	ProjectSection(SolutionItems) = preProject
		PublishScripts\Configurations\TopografieAPI-WAWS-dev.json = PublishScripts\Configurations\TopografieAPI-WAWS-dev.json
	EndProjectSection
EndProject
Global
	GlobalSection(SolutionConfigurationPlatforms) = preSolution
		Debug|Any CPU = Debug|Any CPU
		Release|Any CPU = Release|Any CPU
	EndGlobalSection
	GlobalSection(ProjectConfigurationPlatforms) = postSolution
		{0556D15C-1CD7-4600-A28F-F9CF503C9DED}.Debug|Any CPU.ActiveCfg = Debug|Any CPU
		{0556D15C-1CD7-4600-A28F-F9CF503C9DED}.Debug|Any CPU.Build.0 = Debug|Any CPU
		{0556D15C-1CD7-4600-A28F-F9CF503C9DED}.Release|Any CPU.ActiveCfg = Release|Any CPU
		{0556D15C-1CD7-4600-A28F-F9CF503C9DED}.Release|Any CPU.Build.0 = Release|Any CPU
	EndGlobalSection
	GlobalSection(SolutionProperties) = preSolution
		HideSolutionNode = FALSE
	EndGlobalSection
	GlobalSection(NestedProjects) = preSolution
		{B209E998-C8B2-42AA-8F08-FE8E1D0A4715} = {16028E88-9A1B-4D29-BAAA-5BF941195941}
	EndGlobalSection
EndGlobal
